
Microsoft Visual Studio Solution File, Format Version 12.00
# Visual Studio 14
VisualStudioVersion = 14.0.23107.0
MinimumVisualStudioVersion = 14.0.23107.0
Project("{2150E333-8FDC-42A3-9474-1A3956D46DE8}") = "TerrainGen", "TerrainGen", "{F369FFEF-87D6-4CDA-93B0-EF07F0D63B36}"
	ProjectSection(SiliconStudioPackage) = preProject
		TerrainGen/TerrainGen.xkpkg = TerrainGen/TerrainGen.xkpkg
	EndProjectSection
EndProject
Project("{FAE04EC0-301F-11D3-BF4B-00C04F79EFBC}") = "TerrainGen.Windows", "TerrainGen\TerrainGen.Windows\TerrainGen.Windows.csproj", "{8C993878-AE83-44D1-A940-2BBA1F2A08FD}"
EndProject
Project("{FAE04EC0-301F-11D3-BF4B-00C04F79EFBC}") = "TerrainGen.Game", "TerrainGen\TerrainGen.Game\TerrainGen.Game.csproj", "{17C140DB-0437-4942-949B-298F91C6DDAD}"
EndProject
Project("{FAE04EC0-301F-11D3-BF4B-00C04F79EFBC}") = "TerrainGen.Linux", "TerrainGen\TerrainGen.Linux\TerrainGen.Linux.csproj", "{12AF2859-40A7-445D-B4CC-B02B8CB64FC7}"
EndProject
Global
	GlobalSection(SolutionConfigurationPlatforms) = preSolution
		AppStore|Any CPU = AppStore|Any CPU
		AppStore|Linux = AppStore|Linux
		AppStore|Mixed Platforms = AppStore|Mixed Platforms
		AppStore|Windows = AppStore|Windows
		CoreCLR_Debug|Any CPU = CoreCLR_Debug|Any CPU
		CoreCLR_Debug|Linux = CoreCLR_Debug|Linux
		CoreCLR_Debug|Mixed Platforms = CoreCLR_Debug|Mixed Platforms
		CoreCLR_Debug|Windows = CoreCLR_Debug|Windows
		CoreCLR_Release|Any CPU = CoreCLR_Release|Any CPU
		CoreCLR_Release|Linux = CoreCLR_Release|Linux
		CoreCLR_Release|Mixed Platforms = CoreCLR_Release|Mixed Platforms
		CoreCLR_Release|Windows = CoreCLR_Release|Windows
		Debug|Any CPU = Debug|Any CPU
		Debug|Linux = Debug|Linux
		Debug|Mixed Platforms = Debug|Mixed Platforms
		Debug|Windows = Debug|Windows
		Release|Any CPU = Release|Any CPU
		Release|Linux = Release|Linux
		Release|Mixed Platforms = Release|Mixed Platforms
		Release|Windows = Release|Windows
		Testing|Any CPU = Testing|Any CPU
		Testing|Linux = Testing|Linux
		Testing|Mixed Platforms = Testing|Mixed Platforms
		Testing|Windows = Testing|Windows
	EndGlobalSection
	GlobalSection(ProjectConfigurationPlatforms) = postSolution
		{8C993878-AE83-44D1-A940-2BBA1F2A08FD}.AppStore|Any CPU.ActiveCfg = AppStore|Any CPU
		{8C993878-AE83-44D1-A940-2BBA1F2A08FD}.AppStore|Any CPU.Build.0 = AppStore|Any CPU
		{8C993878-AE83-44D1-A940-2BBA1F2A08FD}.AppStore|Any CPU.Deploy.0 = AppStore|Any CPU
		{8C993878-AE83-44D1-A940-2BBA1F2A08FD}.AppStore|Linux.ActiveCfg = AppStore|Any CPU
		{8C993878-AE83-44D1-A940-2BBA1F2A08FD}.AppStore|Mixed Platforms.ActiveCfg = AppStore|Any CPU
		{8C993878-AE83-44D1-A940-2BBA1F2A08FD}.AppStore|Mixed Platforms.Build.0 = AppStore|Any CPU
		{8C993878-AE83-44D1-A940-2BBA1F2A08FD}.AppStore|Mixed Platforms.Deploy.0 = AppStore|Any CPU
		{8C993878-AE83-44D1-A940-2BBA1F2A08FD}.AppStore|Windows.ActiveCfg = AppStore|Any CPU
		{8C993878-AE83-44D1-A940-2BBA1F2A08FD}.AppStore|Windows.Build.0 = AppStore|Any CPU
		{8C993878-AE83-44D1-A940-2BBA1F2A08FD}.AppStore|Windows.Deploy.0 = AppStore|Any CPU
		{8C993878-AE83-44D1-A940-2BBA1F2A08FD}.CoreCLR_Debug|Any CPU.ActiveCfg = CoreCLR_Debug|Any CPU
		{8C993878-AE83-44D1-A940-2BBA1F2A08FD}.CoreCLR_Debug|Any CPU.Build.0 = CoreCLR_Debug|Any CPU
		{8C993878-AE83-44D1-A940-2BBA1F2A08FD}.CoreCLR_Debug|Any CPU.Deploy.0 = CoreCLR_Debug|Any CPU
		{8C993878-AE83-44D1-A940-2BBA1F2A08FD}.CoreCLR_Debug|Linux.ActiveCfg = CoreCLR_Debug|Any CPU
		{8C993878-AE83-44D1-A940-2BBA1F2A08FD}.CoreCLR_Debug|Mixed Platforms.ActiveCfg = CoreCLR_Debug|Any CPU
		{8C993878-AE83-44D1-A940-2BBA1F2A08FD}.CoreCLR_Debug|Mixed Platforms.Build.0 = CoreCLR_Debug|Any CPU
		{8C993878-AE83-44D1-A940-2BBA1F2A08FD}.CoreCLR_Debug|Mixed Platforms.Deploy.0 = CoreCLR_Debug|Any CPU
		{8C993878-AE83-44D1-A940-2BBA1F2A08FD}.CoreCLR_Debug|Windows.ActiveCfg = CoreCLR_Debug|Any CPU
		{8C993878-AE83-44D1-A940-2BBA1F2A08FD}.CoreCLR_Debug|Windows.Build.0 = CoreCLR_Debug|Any CPU
		{8C993878-AE83-44D1-A940-2BBA1F2A08FD}.CoreCLR_Debug|Windows.Deploy.0 = CoreCLR_Debug|Any CPU
		{8C993878-AE83-44D1-A940-2BBA1F2A08FD}.CoreCLR_Release|Any CPU.ActiveCfg = CoreCLR_Release|Any CPU
		{8C993878-AE83-44D1-A940-2BBA1F2A08FD}.CoreCLR_Release|Any CPU.Build.0 = CoreCLR_Release|Any CPU
		{8C993878-AE83-44D1-A940-2BBA1F2A08FD}.CoreCLR_Release|Any CPU.Deploy.0 = CoreCLR_Release|Any CPU
		{8C993878-AE83-44D1-A940-2BBA1F2A08FD}.CoreCLR_Release|Linux.ActiveCfg = CoreCLR_Release|Any CPU
		{8C993878-AE83-44D1-A940-2BBA1F2A08FD}.CoreCLR_Release|Mixed Platforms.ActiveCfg = CoreCLR_Release|Any CPU
		{8C993878-AE83-44D1-A940-2BBA1F2A08FD}.CoreCLR_Release|Mixed Platforms.Build.0 = CoreCLR_Release|Any CPU
		{8C993878-AE83-44D1-A940-2BBA1F2A08FD}.CoreCLR_Release|Mixed Platforms.Deploy.0 = CoreCLR_Release|Any CPU
		{8C993878-AE83-44D1-A940-2BBA1F2A08FD}.CoreCLR_Release|Windows.ActiveCfg = CoreCLR_Release|Any CPU
		{8C993878-AE83-44D1-A940-2BBA1F2A08FD}.CoreCLR_Release|Windows.Build.0 = CoreCLR_Release|Any CPU
		{8C993878-AE83-44D1-A940-2BBA1F2A08FD}.CoreCLR_Release|Windows.Deploy.0 = CoreCLR_Release|Any CPU
		{8C993878-AE83-44D1-A940-2BBA1F2A08FD}.Debug|Any CPU.ActiveCfg = Debug|Any CPU
		{8C993878-AE83-44D1-A940-2BBA1F2A08FD}.Debug|Any CPU.Build.0 = Debug|Any CPU
		{8C993878-AE83-44D1-A940-2BBA1F2A08FD}.Debug|Any CPU.Deploy.0 = Debug|Any CPU
		{8C993878-AE83-44D1-A940-2BBA1F2A08FD}.Debug|Linux.ActiveCfg = Debug|Any CPU
		{8C993878-AE83-44D1-A940-2BBA1F2A08FD}.Debug|Mixed Platforms.ActiveCfg = Debug|Any CPU
		{8C993878-AE83-44D1-A940-2BBA1F2A08FD}.Debug|Mixed Platforms.Build.0 = Debug|Any CPU
		{8C993878-AE83-44D1-A940-2BBA1F2A08FD}.Debug|Mixed Platforms.Deploy.0 = Debug|Any CPU
		{8C993878-AE83-44D1-A940-2BBA1F2A08FD}.Debug|Windows.ActiveCfg = Debug|Any CPU
		{8C993878-AE83-44D1-A940-2BBA1F2A08FD}.Debug|Windows.Build.0 = Debug|Any CPU
		{8C993878-AE83-44D1-A940-2BBA1F2A08FD}.Debug|Windows.Deploy.0 = Debug|Any CPU
		{8C993878-AE83-44D1-A940-2BBA1F2A08FD}.Release|Any CPU.ActiveCfg = Release|Any CPU
		{8C993878-AE83-44D1-A940-2BBA1F2A08FD}.Release|Any CPU.Build.0 = Release|Any CPU
		{8C993878-AE83-44D1-A940-2BBA1F2A08FD}.Release|Any CPU.Deploy.0 = Release|Any CPU
		{8C993878-AE83-44D1-A940-2BBA1F2A08FD}.Release|Linux.ActiveCfg = Release|Any CPU
		{8C993878-AE83-44D1-A940-2BBA1F2A08FD}.Release|Mixed Platforms.ActiveCfg = Release|Any CPU
		{8C993878-AE83-44D1-A940-2BBA1F2A08FD}.Release|Mixed Platforms.Build.0 = Release|Any CPU
		{8C993878-AE83-44D1-A940-2BBA1F2A08FD}.Release|Mixed Platforms.Deploy.0 = Release|Any CPU
		{8C993878-AE83-44D1-A940-2BBA1F2A08FD}.Release|Windows.ActiveCfg = Release|Any CPU
		{8C993878-AE83-44D1-A940-2BBA1F2A08FD}.Release|Windows.Build.0 = Release|Any CPU
		{8C993878-AE83-44D1-A940-2BBA1F2A08FD}.Release|Windows.Deploy.0 = Release|Any CPU
		{8C993878-AE83-44D1-A940-2BBA1F2A08FD}.Testing|Any CPU.ActiveCfg = Testing|Any CPU
		{8C993878-AE83-44D1-A940-2BBA1F2A08FD}.Testing|Any CPU.Build.0 = Testing|Any CPU
		{8C993878-AE83-44D1-A940-2BBA1F2A08FD}.Testing|Any CPU.Deploy.0 = Testing|Any CPU
		{8C993878-AE83-44D1-A940-2BBA1F2A08FD}.Testing|Linux.ActiveCfg = Testing|Any CPU
		{8C993878-AE83-44D1-A940-2BBA1F2A08FD}.Testing|Mixed Platforms.ActiveCfg = Testing|Any CPU
		{8C993878-AE83-44D1-A940-2BBA1F2A08FD}.Testing|Mixed Platforms.Build.0 = Testing|Any CPU
		{8C993878-AE83-44D1-A940-2BBA1F2A08FD}.Testing|Mixed Platforms.Deploy.0 = Testing|Any CPU
		{8C993878-AE83-44D1-A940-2BBA1F2A08FD}.Testing|Windows.ActiveCfg = Testing|Any CPU
		{8C993878-AE83-44D1-A940-2BBA1F2A08FD}.Testing|Windows.Build.0 = Testing|Any CPU
		{8C993878-AE83-44D1-A940-2BBA1F2A08FD}.Testing|Windows.Deploy.0 = Testing|Any CPU
		{17C140DB-0437-4942-949B-298F91C6DDAD}.AppStore|Any CPU.ActiveCfg = AppStore|Any CPU
		{17C140DB-0437-4942-949B-298F91C6DDAD}.AppStore|Any CPU.Build.0 = AppStore|Any CPU
		{17C140DB-0437-4942-949B-298F91C6DDAD}.AppStore|Linux.ActiveCfg = Debug|Linux
		{17C140DB-0437-4942-949B-298F91C6DDAD}.AppStore|Mixed Platforms.ActiveCfg = AppStore|Any CPU
		{17C140DB-0437-4942-949B-298F91C6DDAD}.AppStore|Mixed Platforms.Build.0 = AppStore|Any CPU
		{17C140DB-0437-4942-949B-298F91C6DDAD}.AppStore|Windows.ActiveCfg = AppStore|Any CPU
		{17C140DB-0437-4942-949B-298F91C6DDAD}.AppStore|Windows.Build.0 = AppStore|Any CPU
		{17C140DB-0437-4942-949B-298F91C6DDAD}.CoreCLR_Debug|Any CPU.ActiveCfg = CoreCLR_Debug|Any CPU
		{17C140DB-0437-4942-949B-298F91C6DDAD}.CoreCLR_Debug|Any CPU.Build.0 = CoreCLR_Debug|Any CPU
		{17C140DB-0437-4942-949B-298F91C6DDAD}.CoreCLR_Debug|Linux.ActiveCfg = CoreCLR_Debug|Linux
		{17C140DB-0437-4942-949B-298F91C6DDAD}.CoreCLR_Debug|Linux.Build.0 = CoreCLR_Debug|Linux
		{17C140DB-0437-4942-949B-298F91C6DDAD}.CoreCLR_Debug|Mixed Platforms.ActiveCfg = CoreCLR_Debug|Any CPU
		{17C140DB-0437-4942-949B-298F91C6DDAD}.CoreCLR_Debug|Mixed Platforms.Build.0 = CoreCLR_Debug|Any CPU
		{17C140DB-0437-4942-949B-298F91C6DDAD}.CoreCLR_Debug|Windows.ActiveCfg = CoreCLR_Debug|Any CPU
		{17C140DB-0437-4942-949B-298F91C6DDAD}.CoreCLR_Debug|Windows.Build.0 = CoreCLR_Debug|Any CPU
		{17C140DB-0437-4942-949B-298F91C6DDAD}.CoreCLR_Release|Any CPU.ActiveCfg = CoreCLR_Release|Any CPU
		{17C140DB-0437-4942-949B-298F91C6DDAD}.CoreCLR_Release|Any CPU.Build.0 = CoreCLR_Release|Any CPU
		{17C140DB-0437-4942-949B-298F91C6DDAD}.CoreCLR_Release|Linux.ActiveCfg = CoreCLR_Release|Linux
		{17C140DB-0437-4942-949B-298F91C6DDAD}.CoreCLR_Release|Linux.Build.0 = CoreCLR_Release|Linux
		{17C140DB-0437-4942-949B-298F91C6DDAD}.CoreCLR_Release|Mixed Platforms.ActiveCfg = CoreCLR_Release|Any CPU
		{17C140DB-0437-4942-949B-298F91C6DDAD}.CoreCLR_Release|Mixed Platforms.Build.0 = CoreCLR_Release|Any CPU
		{17C140DB-0437-4942-949B-298F91C6DDAD}.CoreCLR_Release|Windows.ActiveCfg = CoreCLR_Release|Any CPU
		{17C140DB-0437-4942-949B-298F91C6DDAD}.CoreCLR_Release|Windows.Build.0 = CoreCLR_Release|Any CPU
		{17C140DB-0437-4942-949B-298F91C6DDAD}.Debug|Any CPU.ActiveCfg = Debug|Any CPU
		{17C140DB-0437-4942-949B-298F91C6DDAD}.Debug|Any CPU.Build.0 = Debug|Any CPU
		{17C140DB-0437-4942-949B-298F91C6DDAD}.Debug|Linux.ActiveCfg = Debug|Linux
		{17C140DB-0437-4942-949B-298F91C6DDAD}.Debug|Linux.Build.0 = Debug|Linux
		{17C140DB-0437-4942-949B-298F91C6DDAD}.Debug|Mixed Platforms.ActiveCfg = Debug|Any CPU
		{17C140DB-0437-4942-949B-298F91C6DDAD}.Debug|Mixed Platforms.Build.0 = Debug|Any CPU
		{17C140DB-0437-4942-949B-298F91C6DDAD}.Debug|Windows.ActiveCfg = Debug|Any CPU
		{17C140DB-0437-4942-949B-298F91C6DDAD}.Debug|Windows.Build.0 = Debug|Any CPU
		{17C140DB-0437-4942-949B-298F91C6DDAD}.Release|Any CPU.ActiveCfg = Release|Any CPU
		{17C140DB-0437-4942-949B-298F91C6DDAD}.Release|Any CPU.Build.0 = Release|Any CPU
		{17C140DB-0437-4942-949B-298F91C6DDAD}.Release|Linux.ActiveCfg = Release|Linux
		{17C140DB-0437-4942-949B-298F91C6DDAD}.Release|Linux.Build.0 = Release|Linux
		{17C140DB-0437-4942-949B-298F91C6DDAD}.Release|Mixed Platforms.ActiveCfg = Release|Any CPU
		{17C140DB-0437-4942-949B-298F91C6DDAD}.Release|Mixed Platforms.Build.0 = Release|Any CPU
		{17C140DB-0437-4942-949B-298F91C6DDAD}.Release|Windows.ActiveCfg = Release|Any CPU
		{17C140DB-0437-4942-949B-298F91C6DDAD}.Release|Windows.Build.0 = Release|Any CPU
		{17C140DB-0437-4942-949B-298F91C6DDAD}.Testing|Any CPU.ActiveCfg = Testing|Any CPU
		{17C140DB-0437-4942-949B-298F91C6DDAD}.Testing|Any CPU.Build.0 = Testing|Any CPU
		{17C140DB-0437-4942-949B-298F91C6DDAD}.Testing|Linux.ActiveCfg = Debug|Linux
		{17C140DB-0437-4942-949B-298F91C6DDAD}.Testing|Mixed Platforms.ActiveCfg = Testing|Any CPU
		{17C140DB-0437-4942-949B-298F91C6DDAD}.Testing|Mixed Platforms.Build.0 = Testing|Any CPU
		{17C140DB-0437-4942-949B-298F91C6DDAD}.Testing|Windows.ActiveCfg = Testing|Any CPU
		{17C140DB-0437-4942-949B-298F91C6DDAD}.Testing|Windows.Build.0 = Testing|Any CPU
		{12AF2859-40A7-445D-B4CC-B02B8CB64FC7}.AppStore|Any CPU.ActiveCfg = Debug|Linux
		{12AF2859-40A7-445D-B4CC-B02B8CB64FC7}.AppStore|Linux.ActiveCfg = Debug|Linux
		{12AF2859-40A7-445D-B4CC-B02B8CB64FC7}.AppStore|Mixed Platforms.ActiveCfg = Debug|Linux
		{12AF2859-40A7-445D-B4CC-B02B8CB64FC7}.AppStore|Windows.ActiveCfg = Debug|Linux
		{12AF2859-40A7-445D-B4CC-B02B8CB64FC7}.CoreCLR_Debug|Any CPU.ActiveCfg = CoreCLR_Debug|Linux
		{12AF2859-40A7-445D-B4CC-B02B8CB64FC7}.CoreCLR_Debug|Linux.ActiveCfg = CoreCLR_Debug|Linux
		{12AF2859-40A7-445D-B4CC-B02B8CB64FC7}.CoreCLR_Debug|Linux.Build.0 = CoreCLR_Debug|Linux
		{12AF2859-40A7-445D-B4CC-B02B8CB64FC7}.CoreCLR_Debug|Linux.Deploy.0 = CoreCLR_Debug|Linux
		{12AF2859-40A7-445D-B4CC-B02B8CB64FC7}.CoreCLR_Debug|Mixed Platforms.ActiveCfg = CoreCLR_Debug|Linux
		{12AF2859-40A7-445D-B4CC-B02B8CB64FC7}.CoreCLR_Debug|Windows.ActiveCfg = CoreCLR_Debug|Linux
		{12AF2859-40A7-445D-B4CC-B02B8CB64FC7}.CoreCLR_Release|Any CPU.ActiveCfg = CoreCLR_Release|Linux
		{12AF2859-40A7-445D-B4CC-B02B8CB64FC7}.CoreCLR_Release|Linux.ActiveCfg = CoreCLR_Release|Linux
		{12AF2859-40A7-445D-B4CC-B02B8CB64FC7}.CoreCLR_Release|Linux.Build.0 = CoreCLR_Release|Linux
		{12AF2859-40A7-445D-B4CC-B02B8CB64FC7}.CoreCLR_Release|Linux.Deploy.0 = CoreCLR_Release|Linux
		{12AF2859-40A7-445D-B4CC-B02B8CB64FC7}.CoreCLR_Release|Mixed Platforms.ActiveCfg = CoreCLR_Release|Linux
		{12AF2859-40A7-445D-B4CC-B02B8CB64FC7}.CoreCLR_Release|Windows.ActiveCfg = CoreCLR_Release|Linux
		{12AF2859-40A7-445D-B4CC-B02B8CB64FC7}.Debug|Any CPU.ActiveCfg = Debug|Linux
		{12AF2859-40A7-445D-B4CC-B02B8CB64FC7}.Debug|Linux.ActiveCfg = Debug|Linux
		{12AF2859-40A7-445D-B4CC-B02B8CB64FC7}.Debug|Linux.Build.0 = Debug|Linux
		{12AF2859-40A7-445D-B4CC-B02B8CB64FC7}.Debug|Linux.Deploy.0 = Debug|Linux
		{12AF2859-40A7-445D-B4CC-B02B8CB64FC7}.Debug|Mixed Platforms.ActiveCfg = Debug|Linux
		{12AF2859-40A7-445D-B4CC-B02B8CB64FC7}.Debug|Windows.ActiveCfg = Debug|Linux
		{12AF2859-40A7-445D-B4CC-B02B8CB64FC7}.Release|Any CPU.ActiveCfg = Release|Linux
		{12AF2859-40A7-445D-B4CC-B02B8CB64FC7}.Release|Linux.ActiveCfg = Release|Linux
		{12AF2859-40A7-445D-B4CC-B02B8CB64FC7}.Release|Linux.Build.0 = Release|Linux
		{12AF2859-40A7-445D-B4CC-B02B8CB64FC7}.Release|Linux.Deploy.0 = Release|Linux
		{12AF2859-40A7-445D-B4CC-B02B8CB64FC7}.Release|Mixed Platforms.ActiveCfg = Release|Linux
		{12AF2859-40A7-445D-B4CC-B02B8CB64FC7}.Release|Windows.ActiveCfg = Release|Linux
		{12AF2859-40A7-445D-B4CC-B02B8CB64FC7}.Testing|Any CPU.ActiveCfg = Debug|Linux
		{12AF2859-40A7-445D-B4CC-B02B8CB64FC7}.Testing|Linux.ActiveCfg = Debug|Linux
		{12AF2859-40A7-445D-B4CC-B02B8CB64FC7}.Testing|Mixed Platforms.ActiveCfg = Debug|Linux
		{12AF2859-40A7-445D-B4CC-B02B8CB64FC7}.Testing|Windows.ActiveCfg = Debug|Linux
	EndGlobalSection
	GlobalSection(NestedProjects) = preSolution
		{8C993878-AE83-44D1-A940-2BBA1F2A08FD} = {F369FFEF-87D6-4CDA-93B0-EF07F0D63B36}
		{17C140DB-0437-4942-949B-298F91C6DDAD} = {F369FFEF-87D6-4CDA-93B0-EF07F0D63B36}
		{12AF2859-40A7-445D-B4CC-B02B8CB64FC7} = {F369FFEF-87D6-4CDA-93B0-EF07F0D63B36}
	EndGlobalSection
EndGlobal
